{
  "name": "alphamind",
  "version": "1.0.0",
  "lockfileVersion": 3,
  "requires": true,
  "packages": {
    "": {
      "name": "alphamind",
      "version": "1.0.0",
      "license": "ISC",
      "dependencies": {
        "lottie-miniapp": "^1.9.1",
        "tdesign-miniprogram": "^1.12.0"
      }
    },
    "node_modules/lottie-miniapp": {
      "version": "1.9.1",
      "resolved": "https://registry.npmjs.org/lottie-miniapp/-/lottie-miniapp-1.9.1.tgz",
      "integrity": "sha512-5N3NePwg7fimyehcojRb2FsYnfh8D/wYkToGWCayMNXMBOAtWfoggFrUwuNwU8OG3LBlGGrTsuxDmhkGXoJ6BQ==",
      "license": "MIT"
    },
    "node_modules/tdesign-miniprogram": {
      "version": "1.12.0",
      "resolved": "https://registry.npmjs.org/tdesign-miniprogram/-/tdesign-miniprogram-1.12.0.tgz",
      "integrity": "sha512-Ft+B1HWMOKuOpM9+Z0mflprWrxSB/ESo6TVymjxJ6xzMgSfEcbmFaXpd0nJ+Oj/5GCljqP06ZTeWazuk1G6Ugg==",
      "license": "MIT"
    }
  }
}
